
Microsoft Visual Studio Solution File, Format Version 12.00
# Visual Studio Version 17
VisualStudioVersion = 17.11.35208.52
MinimumVisualStudioVersion = 10.0.40219.1
Project("{FAE04EC0-301F-11D3-BF4B-00C04F79EFBC}") = "HotChocolateDemo", "HotChocolateDemo\HotChocolateDemo.csproj", "{F7508CF3-BA39-4843-AFD9-C10D1A5235F8}"
EndProject
Global
	GlobalSection(SolutionConfigurationPlatforms) = preSolution
		Debug|Any CPU = Debug|Any CPU
		Release|Any CPU = Release|Any CPU
	EndGlobalSection
	GlobalSection(ProjectConfigurationPlatforms) = postSolution
		{F7508CF3-BA39-4843-AFD9-C10D1A5235F8}.Debug|Any CPU.ActiveCfg = Debug|Any CPU
		{F7508CF3-BA39-4843-AFD9-C10D1A5235F8}.Debug|Any CPU.Build.0 = Debug|Any CPU
		{F7508CF3-BA39-4843-AFD9-C10D1A5235F8}.Release|Any CPU.ActiveCfg = Release|Any CPU
		{F7508CF3-BA39-4843-AFD9-C10D1A5235F8}.Release|Any CPU.Build.0 = Release|Any CPU
	EndGlobalSection
	GlobalSection(SolutionProperties) = preSolution
		HideSolutionNode = FALSE
	EndGlobalSection
	GlobalSection(ExtensibilityGlobals) = postSolution
		SolutionGuid = {B15CB379-EB5F-43BD-BE50-605AB2C01C48}
	EndGlobalSection
EndGlobal
